
Microsoft Visual Studio Solution File, Format Version 12.00
Project("{2150E333-8FDC-42A3-9474-1A3956D46DE8}") = "src", "src", "{A2AEF9F9-8494-496F-A83D-3FD5DE39EEE0}"
EndProject
Project("{2150E333-8FDC-42A3-9474-1A3956D46DE8}") = "test", "test", "{4EB173D6-EA25-4702-82E8-0E0F22FC7F02}"
EndProject
Project("{FAE04EC0-301F-11D3-BF4B-00C04F79EFBC}") = "DB.Api", "src\DB.Api\DB.Api.csproj", "{2B11BC4A-BFCD-44B6-A316-5AABC5AC8EBB}"
EndProject
Project("{FAE04EC0-301F-11D3-BF4B-00C04F79EFBC}") = "DB.Application", "src\DB.Application\DB.Application.csproj", "{5F42FB72-CDEE-4633-9422-BA55176DA3F4}"
EndProject
Project("{FAE04EC0-301F-11D3-BF4B-00C04F79EFBC}") = "DB.Domain", "src\DB.Domain\DB.Domain.csproj", "{398F5870-A9BE-460E-8AEA-FDA28260B934}"
EndProject
Project("{FAE04EC0-301F-11D3-BF4B-00C04F79EFBC}") = "DB.Infrastructure", "src\DB.Infrastructure\DB.Infrastructure.csproj", "{2B86CB5D-6314-48B9-8D44-C2E5B259AF8C}"
EndProject
Project("{FAE04EC0-301F-11D3-BF4B-00C04F79EFBC}") = "CommomTest", "test\CommomTest\CommomTest.csproj", "{FFD65559-8261-4F4E-8DFA-D728812E7DFE}"
EndProject
Global
	GlobalSection(SolutionConfigurationPlatforms) = preSolution
		Debug|Any CPU = Debug|Any CPU
		Release|Any CPU = Release|Any CPU
	EndGlobalSection
	GlobalSection(NestedProjects) = preSolution
		{2B11BC4A-BFCD-44B6-A316-5AABC5AC8EBB} = {A2AEF9F9-8494-496F-A83D-3FD5DE39EEE0}
		{5F42FB72-CDEE-4633-9422-BA55176DA3F4} = {A2AEF9F9-8494-496F-A83D-3FD5DE39EEE0}
		{398F5870-A9BE-460E-8AEA-FDA28260B934} = {A2AEF9F9-8494-496F-A83D-3FD5DE39EEE0}
		{2B86CB5D-6314-48B9-8D44-C2E5B259AF8C} = {A2AEF9F9-8494-496F-A83D-3FD5DE39EEE0}
		{FFD65559-8261-4F4E-8DFA-D728812E7DFE} = {4EB173D6-EA25-4702-82E8-0E0F22FC7F02}
	EndGlobalSection
	GlobalSection(ProjectConfigurationPlatforms) = postSolution
		{2B11BC4A-BFCD-44B6-A316-5AABC5AC8EBB}.Debug|Any CPU.ActiveCfg = Debug|Any CPU
		{2B11BC4A-BFCD-44B6-A316-5AABC5AC8EBB}.Debug|Any CPU.Build.0 = Debug|Any CPU
		{2B11BC4A-BFCD-44B6-A316-5AABC5AC8EBB}.Release|Any CPU.ActiveCfg = Release|Any CPU
		{2B11BC4A-BFCD-44B6-A316-5AABC5AC8EBB}.Release|Any CPU.Build.0 = Release|Any CPU
		{5F42FB72-CDEE-4633-9422-BA55176DA3F4}.Debug|Any CPU.ActiveCfg = Debug|Any CPU
		{5F42FB72-CDEE-4633-9422-BA55176DA3F4}.Debug|Any CPU.Build.0 = Debug|Any CPU
		{5F42FB72-CDEE-4633-9422-BA55176DA3F4}.Release|Any CPU.ActiveCfg = Release|Any CPU
		{5F42FB72-CDEE-4633-9422-BA55176DA3F4}.Release|Any CPU.Build.0 = Release|Any CPU
		{398F5870-A9BE-460E-8AEA-FDA28260B934}.Debug|Any CPU.ActiveCfg = Debug|Any CPU
		{398F5870-A9BE-460E-8AEA-FDA28260B934}.Debug|Any CPU.Build.0 = Debug|Any CPU
		{398F5870-A9BE-460E-8AEA-FDA28260B934}.Release|Any CPU.ActiveCfg = Release|Any CPU
		{398F5870-A9BE-460E-8AEA-FDA28260B934}.Release|Any CPU.Build.0 = Release|Any CPU
		{2B86CB5D-6314-48B9-8D44-C2E5B259AF8C}.Debug|Any CPU.ActiveCfg = Debug|Any CPU
		{2B86CB5D-6314-48B9-8D44-C2E5B259AF8C}.Debug|Any CPU.Build.0 = Debug|Any CPU
		{2B86CB5D-6314-48B9-8D44-C2E5B259AF8C}.Release|Any CPU.ActiveCfg = Release|Any CPU
		{2B86CB5D-6314-48B9-8D44-C2E5B259AF8C}.Release|Any CPU.Build.0 = Release|Any CPU
		{FFD65559-8261-4F4E-8DFA-D728812E7DFE}.Debug|Any CPU.ActiveCfg = Debug|Any CPU
		{FFD65559-8261-4F4E-8DFA-D728812E7DFE}.Debug|Any CPU.Build.0 = Debug|Any CPU
		{FFD65559-8261-4F4E-8DFA-D728812E7DFE}.Release|Any CPU.ActiveCfg = Release|Any CPU
		{FFD65559-8261-4F4E-8DFA-D728812E7DFE}.Release|Any CPU.Build.0 = Release|Any CPU
	EndGlobalSection
EndGlobal
